
Microsoft Visual Studio Solution File, Format Version 12.00
# Visual Studio Version 17
VisualStudioVersion = 17.4.33103.184
MinimumVisualStudioVersion = 10.0.40219.1
Project("{9A19103F-16F7-4668-BE54-9A1E7A4F7556}") = "Day1", "Day1\Day1.csproj", "{43DF5072-0CBD-4ED4-9B00-E6F16DCB9FA6}"
EndProject
Project("{9A19103F-16F7-4668-BE54-9A1E7A4F7556}") = "Day2", "Day2\Day2.csproj", "{D5BE2A0E-8630-4E2D-B318-385701BE2239}"
EndProject
Project("{9A19103F-16F7-4668-BE54-9A1E7A4F7556}") = "Day3", "Day3\Day3.csproj", "{1485E011-6310-444A-B418-D4010ABF814C}"
EndProject
Project("{9A19103F-16F7-4668-BE54-9A1E7A4F7556}") = "Day4", "Day4\Day4.csproj", "{AB362898-3A31-4D65-8820-706BD1E747AB}"
EndProject
Project("{9A19103F-16F7-4668-BE54-9A1E7A4F7556}") = "Day5", "Day5\Day5.csproj", "{563EB928-9F46-44B0-A5BA-019C10C81752}"
EndProject
Project("{9A19103F-16F7-4668-BE54-9A1E7A4F7556}") = "Day6", "Day6\Day6.csproj", "{87B568C7-A843-4C07-AE42-238F7975CA31}"
EndProject
Project("{9A19103F-16F7-4668-BE54-9A1E7A4F7556}") = "Day7", "Day7\Day7.csproj", "{3780FDD2-2204-42B0-96F9-8E6AF5882FA5}"
EndProject
Project("{9A19103F-16F7-4668-BE54-9A1E7A4F7556}") = "Day8", "Day8\Day8.csproj", "{450362A7-5B74-4497-9E87-B6D5738966CD}"
EndProject
Project("{9A19103F-16F7-4668-BE54-9A1E7A4F7556}") = "Day9", "Day9\Day9.csproj", "{5C155A40-22F5-4816-8F1B-0439D8B88B12}"
EndProject
Project("{9A19103F-16F7-4668-BE54-9A1E7A4F7556}") = "Day10", "Day10\Day10.csproj", "{72146461-46F2-437B-87C2-5A257ED2038B}"
EndProject
Project("{9A19103F-16F7-4668-BE54-9A1E7A4F7556}") = "Day11", "Day11\Day11.csproj", "{5D1BEAB6-254D-40AA-88D6-B4AC53C41674}"
EndProject
Project("{9A19103F-16F7-4668-BE54-9A1E7A4F7556}") = "Day12", "Day12\Day12.csproj", "{2A5BBE39-62AC-433C-8609-0344B7FF3659}"
EndProject
Project("{9A19103F-16F7-4668-BE54-9A1E7A4F7556}") = "Day13", "Day13\Day13.csproj", "{19C12E5A-29C4-4AC5-8E5F-159955CA3993}"
EndProject
Project("{9A19103F-16F7-4668-BE54-9A1E7A4F7556}") = "Day14", "Day14\Day14.csproj", "{423F9DDC-BDE1-4670-B9B9-EE98B4A90614}"
EndProject
Project("{2150E333-8FDC-42A3-9474-1A3956D46DE8}") = "Solution Items", "Solution Items", "{7CACE9A2-6AC8-4547-88ED-6A87936B897D}"
	ProjectSection(SolutionItems) = preProject
		.editorconfig = .editorconfig
	EndProjectSection
EndProject
Project("{9A19103F-16F7-4668-BE54-9A1E7A4F7556}") = "Day15", "Day15\Day15.csproj", "{4E222255-FA89-4080-91ED-F52509428C0A}"
EndProject
Project("{9A19103F-16F7-4668-BE54-9A1E7A4F7556}") = "Day16", "Day16\Day16.csproj", "{8E591848-63C0-4DE6-96BE-0E3EDE773DD8}"
EndProject
Project("{9A19103F-16F7-4668-BE54-9A1E7A4F7556}") = "Day17", "Day17\Day17.csproj", "{73A9D7D8-4B33-4EF8-A9A9-F75FEF239AC2}"
EndProject
Project("{9A19103F-16F7-4668-BE54-9A1E7A4F7556}") = "Day18", "Day18\Day18.csproj", "{F7A4D088-FDC5-4AF5-81FE-76BB47D2B385}"
EndProject
Project("{9A19103F-16F7-4668-BE54-9A1E7A4F7556}") = "Day19", "Day19\Day19.csproj", "{0FEB6023-1DA2-4184-9ED0-40DF5084D96D}"
EndProject
Project("{9A19103F-16F7-4668-BE54-9A1E7A4F7556}") = "Day20", "Day20\Day20.csproj", "{9090B8E6-4B01-4809-BC14-2CE4FC711177}"
EndProject
Project("{9A19103F-16F7-4668-BE54-9A1E7A4F7556}") = "Day21", "Day21\Day21.csproj", "{06B464A3-A90B-4F81-91C6-D5E0EA1FEC4B}"
EndProject
Project("{9A19103F-16F7-4668-BE54-9A1E7A4F7556}") = "Day22", "Day22\Day22.csproj", "{9B3C5420-41DC-43CF-A484-4173A249C2BA}"
EndProject
Project("{9A19103F-16F7-4668-BE54-9A1E7A4F7556}") = "Day23", "Day23\Day23.csproj", "{7DA8164C-5AC3-4EC8-873B-8AAB3061E910}"
EndProject
Project("{9A19103F-16F7-4668-BE54-9A1E7A4F7556}") = "Day24", "Day24\Day24.csproj", "{2B5BAE46-D5EC-42FC-99CC-8CCCB5780FA1}"
EndProject
Project("{FAE04EC0-301F-11D3-BF4B-00C04F79EFBC}") = "Day25", "Day25\Day25.csproj", "{15BBDE8B-DBE4-46A5-A8CB-8F63BDEE031D}"
EndProject
Global
	GlobalSection(SolutionConfigurationPlatforms) = preSolution
		Debug|Any CPU = Debug|Any CPU
		Release|Any CPU = Release|Any CPU
	EndGlobalSection
	GlobalSection(ProjectConfigurationPlatforms) = postSolution
		{43DF5072-0CBD-4ED4-9B00-E6F16DCB9FA6}.Debug|Any CPU.ActiveCfg = Debug|Any CPU
		{43DF5072-0CBD-4ED4-9B00-E6F16DCB9FA6}.Debug|Any CPU.Build.0 = Debug|Any CPU
		{43DF5072-0CBD-4ED4-9B00-E6F16DCB9FA6}.Release|Any CPU.ActiveCfg = Release|Any CPU
		{43DF5072-0CBD-4ED4-9B00-E6F16DCB9FA6}.Release|Any CPU.Build.0 = Release|Any CPU
		{D5BE2A0E-8630-4E2D-B318-385701BE2239}.Debug|Any CPU.ActiveCfg = Debug|Any CPU
		{D5BE2A0E-8630-4E2D-B318-385701BE2239}.Debug|Any CPU.Build.0 = Debug|Any CPU
		{D5BE2A0E-8630-4E2D-B318-385701BE2239}.Release|Any CPU.ActiveCfg = Release|Any CPU
		{D5BE2A0E-8630-4E2D-B318-385701BE2239}.Release|Any CPU.Build.0 = Release|Any CPU
		{1485E011-6310-444A-B418-D4010ABF814C}.Debug|Any CPU.ActiveCfg = Debug|Any CPU
		{1485E011-6310-444A-B418-D4010ABF814C}.Debug|Any CPU.Build.0 = Debug|Any CPU
		{1485E011-6310-444A-B418-D4010ABF814C}.Release|Any CPU.ActiveCfg = Release|Any CPU
		{1485E011-6310-444A-B418-D4010ABF814C}.Release|Any CPU.Build.0 = Release|Any CPU
		{AB362898-3A31-4D65-8820-706BD1E747AB}.Debug|Any CPU.ActiveCfg = Debug|Any CPU
		{AB362898-3A31-4D65-8820-706BD1E747AB}.Debug|Any CPU.Build.0 = Debug|Any CPU
		{AB362898-3A31-4D65-8820-706BD1E747AB}.Release|Any CPU.ActiveCfg = Release|Any CPU
		{AB362898-3A31-4D65-8820-706BD1E747AB}.Release|Any CPU.Build.0 = Release|Any CPU
		{563EB928-9F46-44B0-A5BA-019C10C81752}.Debug|Any CPU.ActiveCfg = Debug|Any CPU
		{563EB928-9F46-44B0-A5BA-019C10C81752}.Debug|Any CPU.Build.0 = Debug|Any CPU
		{563EB928-9F46-44B0-A5BA-019C10C81752}.Release|Any CPU.ActiveCfg = Release|Any CPU
		{563EB928-9F46-44B0-A5BA-019C10C81752}.Release|Any CPU.Build.0 = Release|Any CPU
		{87B568C7-A843-4C07-AE42-238F7975CA31}.Debug|Any CPU.ActiveCfg = Debug|Any CPU
		{87B568C7-A843-4C07-AE42-238F7975CA31}.Debug|Any CPU.Build.0 = Debug|Any CPU
		{87B568C7-A843-4C07-AE42-238F7975CA31}.Release|Any CPU.ActiveCfg = Release|Any CPU
		{87B568C7-A843-4C07-AE42-238F7975CA31}.Release|Any CPU.Build.0 = Release|Any CPU
		{3780FDD2-2204-42B0-96F9-8E6AF5882FA5}.Debug|Any CPU.ActiveCfg = Debug|Any CPU
		{3780FDD2-2204-42B0-96F9-8E6AF5882FA5}.Debug|Any CPU.Build.0 = Debug|Any CPU
		{3780FDD2-2204-42B0-96F9-8E6AF5882FA5}.Release|Any CPU.ActiveCfg = Release|Any CPU
		{3780FDD2-2204-42B0-96F9-8E6AF5882FA5}.Release|Any CPU.Build.0 = Release|Any CPU
		{450362A7-5B74-4497-9E87-B6D5738966CD}.Debug|Any CPU.ActiveCfg = Debug|Any CPU
		{450362A7-5B74-4497-9E87-B6D5738966CD}.Debug|Any CPU.Build.0 = Debug|Any CPU
		{450362A7-5B74-4497-9E87-B6D5738966CD}.Release|Any CPU.ActiveCfg = Release|Any CPU
		{450362A7-5B74-4497-9E87-B6D5738966CD}.Release|Any CPU.Build.0 = Release|Any CPU
		{5C155A40-22F5-4816-8F1B-0439D8B88B12}.Debug|Any CPU.ActiveCfg = Debug|Any CPU
		{5C155A40-22F5-4816-8F1B-0439D8B88B12}.Debug|Any CPU.Build.0 = Debug|Any CPU
		{5C155A40-22F5-4816-8F1B-0439D8B88B12}.Release|Any CPU.ActiveCfg = Release|Any CPU
		{5C155A40-22F5-4816-8F1B-0439D8B88B12}.Release|Any CPU.Build.0 = Release|Any CPU
		{72146461-46F2-437B-87C2-5A257ED2038B}.Debug|Any CPU.ActiveCfg = Debug|Any CPU
		{72146461-46F2-437B-87C2-5A257ED2038B}.Debug|Any CPU.Build.0 = Debug|Any CPU
		{72146461-46F2-437B-87C2-5A257ED2038B}.Release|Any CPU.ActiveCfg = Release|Any CPU
		{72146461-46F2-437B-87C2-5A257ED2038B}.Release|Any CPU.Build.0 = Release|Any CPU
		{5D1BEAB6-254D-40AA-88D6-B4AC53C41674}.Debug|Any CPU.ActiveCfg = Debug|Any CPU
		{5D1BEAB6-254D-40AA-88D6-B4AC53C41674}.Debug|Any CPU.Build.0 = Debug|Any CPU
		{5D1BEAB6-254D-40AA-88D6-B4AC53C41674}.Release|Any CPU.ActiveCfg = Release|Any CPU
		{5D1BEAB6-254D-40AA-88D6-B4AC53C41674}.Release|Any CPU.Build.0 = Release|Any CPU
		{2A5BBE39-62AC-433C-8609-0344B7FF3659}.Debug|Any CPU.ActiveCfg = Debug|Any CPU
		{2A5BBE39-62AC-433C-8609-0344B7FF3659}.Debug|Any CPU.Build.0 = Debug|Any CPU
		{2A5BBE39-62AC-433C-8609-0344B7FF3659}.Release|Any CPU.ActiveCfg = Release|Any CPU
		{2A5BBE39-62AC-433C-8609-0344B7FF3659}.Release|Any CPU.Build.0 = Release|Any CPU
		{19C12E5A-29C4-4AC5-8E5F-159955CA3993}.Debug|Any CPU.ActiveCfg = Debug|Any CPU
		{19C12E5A-29C4-4AC5-8E5F-159955CA3993}.Debug|Any CPU.Build.0 = Debug|Any CPU
		{19C12E5A-29C4-4AC5-8E5F-159955CA3993}.Release|Any CPU.ActiveCfg = Release|Any CPU
		{19C12E5A-29C4-4AC5-8E5F-159955CA3993}.Release|Any CPU.Build.0 = Release|Any CPU
		{423F9DDC-BDE1-4670-B9B9-EE98B4A90614}.Debug|Any CPU.ActiveCfg = Debug|Any CPU
		{423F9DDC-BDE1-4670-B9B9-EE98B4A90614}.Debug|Any CPU.Build.0 = Debug|Any CPU
		{423F9DDC-BDE1-4670-B9B9-EE98B4A90614}.Release|Any CPU.ActiveCfg = Release|Any CPU
		{423F9DDC-BDE1-4670-B9B9-EE98B4A90614}.Release|Any CPU.Build.0 = Release|Any CPU
		{4E222255-FA89-4080-91ED-F52509428C0A}.Debug|Any CPU.ActiveCfg = Debug|Any CPU
		{4E222255-FA89-4080-91ED-F52509428C0A}.Debug|Any CPU.Build.0 = Debug|Any CPU
		{4E222255-FA89-4080-91ED-F52509428C0A}.Release|Any CPU.ActiveCfg = Release|Any CPU
		{4E222255-FA89-4080-91ED-F52509428C0A}.Release|Any CPU.Build.0 = Release|Any CPU
		{8E591848-63C0-4DE6-96BE-0E3EDE773DD8}.Debug|Any CPU.ActiveCfg = Debug|Any CPU
		{8E591848-63C0-4DE6-96BE-0E3EDE773DD8}.Debug|Any CPU.Build.0 = Debug|Any CPU
		{8E591848-63C0-4DE6-96BE-0E3EDE773DD8}.Release|Any CPU.ActiveCfg = Release|Any CPU
		{8E591848-63C0-4DE6-96BE-0E3EDE773DD8}.Release|Any CPU.Build.0 = Release|Any CPU
		{73A9D7D8-4B33-4EF8-A9A9-F75FEF239AC2}.Debug|Any CPU.ActiveCfg = Debug|Any CPU
		{73A9D7D8-4B33-4EF8-A9A9-F75FEF239AC2}.Debug|Any CPU.Build.0 = Debug|Any CPU
		{73A9D7D8-4B33-4EF8-A9A9-F75FEF239AC2}.Release|Any CPU.ActiveCfg = Release|Any CPU
		{73A9D7D8-4B33-4EF8-A9A9-F75FEF239AC2}.Release|Any CPU.Build.0 = Release|Any CPU
		{F7A4D088-FDC5-4AF5-81FE-76BB47D2B385}.Debug|Any CPU.ActiveCfg = Debug|Any CPU
		{F7A4D088-FDC5-4AF5-81FE-76BB47D2B385}.Debug|Any CPU.Build.0 = Debug|Any CPU
		{F7A4D088-FDC5-4AF5-81FE-76BB47D2B385}.Release|Any CPU.ActiveCfg = Release|Any CPU
		{F7A4D088-FDC5-4AF5-81FE-76BB47D2B385}.Release|Any CPU.Build.0 = Release|Any CPU
		{0FEB6023-1DA2-4184-9ED0-40DF5084D96D}.Debug|Any CPU.ActiveCfg = Debug|Any CPU
		{0FEB6023-1DA2-4184-9ED0-40DF5084D96D}.Debug|Any CPU.Build.0 = Debug|Any CPU
		{0FEB6023-1DA2-4184-9ED0-40DF5084D96D}.Release|Any CPU.ActiveCfg = Release|Any CPU
		{0FEB6023-1DA2-4184-9ED0-40DF5084D96D}.Release|Any CPU.Build.0 = Release|Any CPU
		{9090B8E6-4B01-4809-BC14-2CE4FC711177}.Debug|Any CPU.ActiveCfg = Debug|Any CPU
		{9090B8E6-4B01-4809-BC14-2CE4FC711177}.Debug|Any CPU.Build.0 = Debug|Any CPU
		{9090B8E6-4B01-4809-BC14-2CE4FC711177}.Release|Any CPU.ActiveCfg = Release|Any CPU
		{9090B8E6-4B01-4809-BC14-2CE4FC711177}.Release|Any CPU.Build.0 = Release|Any CPU
		{06B464A3-A90B-4F81-91C6-D5E0EA1FEC4B}.Debug|Any CPU.ActiveCfg = Debug|Any CPU
		{06B464A3-A90B-4F81-91C6-D5E0EA1FEC4B}.Debug|Any CPU.Build.0 = Debug|Any CPU
		{06B464A3-A90B-4F81-91C6-D5E0EA1FEC4B}.Release|Any CPU.ActiveCfg = Release|Any CPU
		{06B464A3-A90B-4F81-91C6-D5E0EA1FEC4B}.Release|Any CPU.Build.0 = Release|Any CPU
		{9B3C5420-41DC-43CF-A484-4173A249C2BA}.Debug|Any CPU.ActiveCfg = Debug|Any CPU
		{9B3C5420-41DC-43CF-A484-4173A249C2BA}.Debug|Any CPU.Build.0 = Debug|Any CPU
		{9B3C5420-41DC-43CF-A484-4173A249C2BA}.Release|Any CPU.ActiveCfg = Release|Any CPU
		{9B3C5420-41DC-43CF-A484-4173A249C2BA}.Release|Any CPU.Build.0 = Release|Any CPU
		{7DA8164C-5AC3-4EC8-873B-8AAB3061E910}.Debug|Any CPU.ActiveCfg = Debug|Any CPU
		{7DA8164C-5AC3-4EC8-873B-8AAB3061E910}.Debug|Any CPU.Build.0 = Debug|Any CPU
		{7DA8164C-5AC3-4EC8-873B-8AAB3061E910}.Release|Any CPU.ActiveCfg = Release|Any CPU
		{7DA8164C-5AC3-4EC8-873B-8AAB3061E910}.Release|Any CPU.Build.0 = Release|Any CPU
		{2B5BAE46-D5EC-42FC-99CC-8CCCB5780FA1}.Debug|Any CPU.ActiveCfg = Debug|Any CPU
		{2B5BAE46-D5EC-42FC-99CC-8CCCB5780FA1}.Debug|Any CPU.Build.0 = Debug|Any CPU
		{2B5BAE46-D5EC-42FC-99CC-8CCCB5780FA1}.Release|Any CPU.ActiveCfg = Release|Any CPU
		{2B5BAE46-D5EC-42FC-99CC-8CCCB5780FA1}.Release|Any CPU.Build.0 = Release|Any CPU
		{15BBDE8B-DBE4-46A5-A8CB-8F63BDEE031D}.Debug|Any CPU.ActiveCfg = Debug|Any CPU
		{15BBDE8B-DBE4-46A5-A8CB-8F63BDEE031D}.Debug|Any CPU.Build.0 = Debug|Any CPU
		{15BBDE8B-DBE4-46A5-A8CB-8F63BDEE031D}.Release|Any CPU.ActiveCfg = Release|Any CPU
		{15BBDE8B-DBE4-46A5-A8CB-8F63BDEE031D}.Release|Any CPU.Build.0 = Release|Any CPU
	EndGlobalSection
	GlobalSection(SolutionProperties) = preSolution
		HideSolutionNode = FALSE
	EndGlobalSection
	GlobalSection(ExtensibilityGlobals) = postSolution
		SolutionGuid = {266ABEC5-EE3C-4849-9405-6B8142B3ECA1}
	EndGlobalSection
EndGlobal
